
Microsoft Visual Studio Solution File, Format Version 12.00
# Visual Studio Version 17
VisualStudioVersion = 17.6.33712.159
MinimumVisualStudioVersion = 10.0.40219.1
Project("{9A19103F-16F7-4668-BE54-9A1E7A4F7556}") = "WebApplication2mvc", "WebApplication2mvc\WebApplication2mvc.csproj", "{8C51BB87-47F5-4120-B0E0-CFD1F7935D4C}"
EndProject
Global
	GlobalSection(SolutionConfigurationPlatforms) = preSolution
		Debug|Any CPU = Debug|Any CPU
		Release|Any CPU = Release|Any CPU
	EndGlobalSection
	GlobalSection(ProjectConfigurationPlatforms) = postSolution
		{8C51BB87-47F5-4120-B0E0-CFD1F7935D4C}.Debug|Any CPU.ActiveCfg = Debug|Any CPU
		{8C51BB87-47F5-4120-B0E0-CFD1F7935D4C}.Debug|Any CPU.Build.0 = Debug|Any CPU
		{8C51BB87-47F5-4120-B0E0-CFD1F7935D4C}.Release|Any CPU.ActiveCfg = Release|Any CPU
		{8C51BB87-47F5-4120-B0E0-CFD1F7935D4C}.Release|Any CPU.Build.0 = Release|Any CPU
	EndGlobalSection
	GlobalSection(SolutionProperties) = preSolution
		HideSolutionNode = FALSE
	EndGlobalSection
	GlobalSection(ExtensibilityGlobals) = postSolution
		SolutionGuid = {16244E9E-A0D3-4FE1-A461-BA4D29CF6B3A}
	EndGlobalSection
EndGlobal
